
Microsoft Visual Studio Solution File, Format Version 12.00
# Visual Studio Version 17
VisualStudioVersion = 17.8.34309.116
MinimumVisualStudioVersion = 10.0.40219.1
Project("{FAE04EC0-301F-11D3-BF4B-00C04F79EFBC}") = "ImportCSV", "ImportCSV\ImportCSV.csproj", "{4E59C217-015E-4D9B-8C81-9754052789D1}"
EndProject
Global
	GlobalSection(SolutionConfigurationPlatforms) = preSolution
		Debug|Any CPU = Debug|Any CPU
		Release|Any CPU = Release|Any CPU
	EndGlobalSection
	GlobalSection(ProjectConfigurationPlatforms) = postSolution
		{4E59C217-015E-4D9B-8C81-9754052789D1}.Debug|Any CPU.ActiveCfg = Debug|Any CPU
		{4E59C217-015E-4D9B-8C81-9754052789D1}.Debug|Any CPU.Build.0 = Debug|Any CPU
		{4E59C217-015E-4D9B-8C81-9754052789D1}.Release|Any CPU.ActiveCfg = Release|Any CPU
		{4E59C217-015E-4D9B-8C81-9754052789D1}.Release|Any CPU.Build.0 = Release|Any CPU
	EndGlobalSection
	GlobalSection(SolutionProperties) = preSolution
		HideSolutionNode = FALSE
	EndGlobalSection
	GlobalSection(ExtensibilityGlobals) = postSolution
		SolutionGuid = {41791571-1A72-4940-AD67-059411F4C93A}
	EndGlobalSection
EndGlobal
